
Microsoft Visual Studio Solution File, Format Version 12.00
# Visual Studio Version 16
VisualStudioVersion = 16.0.29519.181
MinimumVisualStudioVersion = 10.0.40219.1
Project("{FAE04EC0-301F-11D3-BF4B-00C04F79EFBC}") = "MSSA DLL Queue Stacks Trees", "MSSA DLL Queue Stacks Trees\MSSA DLL Queue Stacks Trees.csproj", "{D4B783F2-7069-4085-9D3E-ECD3D6003AC7}"
EndProject
Global
	GlobalSection(SolutionConfigurationPlatforms) = preSolution
		Debug|Any CPU = Debug|Any CPU
		Release|Any CPU = Release|Any CPU
	EndGlobalSection
	GlobalSection(ProjectConfigurationPlatforms) = postSolution
		{D4B783F2-7069-4085-9D3E-ECD3D6003AC7}.Debug|Any CPU.ActiveCfg = Debug|Any CPU
		{D4B783F2-7069-4085-9D3E-ECD3D6003AC7}.Debug|Any CPU.Build.0 = Debug|Any CPU
		{D4B783F2-7069-4085-9D3E-ECD3D6003AC7}.Release|Any CPU.ActiveCfg = Release|Any CPU
		{D4B783F2-7069-4085-9D3E-ECD3D6003AC7}.Release|Any CPU.Build.0 = Release|Any CPU
	EndGlobalSection
	GlobalSection(SolutionProperties) = preSolution
		HideSolutionNode = FALSE
	EndGlobalSection
	GlobalSection(ExtensibilityGlobals) = postSolution
		SolutionGuid = {4652AE38-B31D-4950-ABEE-46891F632366}
	EndGlobalSection
EndGlobal
